
Microsoft Visual Studio Solution File, Format Version 12.00
# Visual Studio Version 16
VisualStudioVersion = 16.0.28803.156
MinimumVisualStudioVersion = 10.0.40219.1
Project("{FAE04EC0-301F-11D3-BF4B-00C04F79EFBC}") = "AspNetCoreServiceBusApi1", "AspNetCoreServiceBusApi1\AspNetCoreServiceBusApi1.csproj", "{31BEA862-3D37-4514-94F4-59A0A5E1E0B4}"
EndProject
Project("{FAE04EC0-301F-11D3-BF4B-00C04F79EFBC}") = "ServiceBusMessaging", "ServiceBusMessaging\ServiceBusMessaging.csproj", "{DE933DE9-731B-4EAD-88A4-62533595A278}"
EndProject
Project("{9A19103F-16F7-4668-BE54-9A1E7A4F7556}") = "AspNetCoreServiceBusApi2", "AspNetCoreServiceBusApi2\AspNetCoreServiceBusApi2.csproj", "{B0948B3C-3F48-43B1-BB34-56FEF97466EC}"
EndProject
Global
	GlobalSection(SolutionConfigurationPlatforms) = preSolution
		Debug|Any CPU = Debug|Any CPU
		Release|Any CPU = Release|Any CPU
	EndGlobalSection
	GlobalSection(ProjectConfigurationPlatforms) = postSolution
		{31BEA862-3D37-4514-94F4-59A0A5E1E0B4}.Debug|Any CPU.ActiveCfg = Debug|Any CPU
		{31BEA862-3D37-4514-94F4-59A0A5E1E0B4}.Debug|Any CPU.Build.0 = Debug|Any CPU
		{31BEA862-3D37-4514-94F4-59A0A5E1E0B4}.Release|Any CPU.ActiveCfg = Release|Any CPU
		{31BEA862-3D37-4514-94F4-59A0A5E1E0B4}.Release|Any CPU.Build.0 = Release|Any CPU
		{DE933DE9-731B-4EAD-88A4-62533595A278}.Debug|Any CPU.ActiveCfg = Debug|Any CPU
		{DE933DE9-731B-4EAD-88A4-62533595A278}.Debug|Any CPU.Build.0 = Debug|Any CPU
		{DE933DE9-731B-4EAD-88A4-62533595A278}.Release|Any CPU.ActiveCfg = Release|Any CPU
		{DE933DE9-731B-4EAD-88A4-62533595A278}.Release|Any CPU.Build.0 = Release|Any CPU
		{B0948B3C-3F48-43B1-BB34-56FEF97466EC}.Debug|Any CPU.ActiveCfg = Debug|Any CPU
		{B0948B3C-3F48-43B1-BB34-56FEF97466EC}.Debug|Any CPU.Build.0 = Debug|Any CPU
		{B0948B3C-3F48-43B1-BB34-56FEF97466EC}.Release|Any CPU.ActiveCfg = Release|Any CPU
		{B0948B3C-3F48-43B1-BB34-56FEF97466EC}.Release|Any CPU.Build.0 = Release|Any CPU
	EndGlobalSection
	GlobalSection(SolutionProperties) = preSolution
		HideSolutionNode = FALSE
	EndGlobalSection
	GlobalSection(ExtensibilityGlobals) = postSolution
		SolutionGuid = {3B585148-25D5-4C35-B8B5-F889AE1443B0}
	EndGlobalSection
EndGlobal
